
Microsoft Visual Studio Solution File, Format Version 12.00
# Visual Studio 14
VisualStudioVersion = 14.0.23107.0
MinimumVisualStudioVersion = 10.0.40219.1
Project("{FAE04EC0-301F-11D3-BF4B-00C04F79EFBC}") = "PluginGCal", "PluginGCal\PluginGCal.csproj", "{D31F73ED-3978-44FA-B599-49584BA30D3A}"
EndProject
Project("{FAE04EC0-301F-11D3-BF4B-00C04F79EFBC}") = "PluginGCalTest", "PluginGCalTest\PluginGCalTest.csproj", "{C744E0F6-8A50-4A7C-9EEE-7BE69B5AFC59}"
EndProject
Global
	GlobalSection(SolutionConfigurationPlatforms) = preSolution
		Debug|Any CPU = Debug|Any CPU
		Debug|Mixed Platforms = Debug|Mixed Platforms
		Debug|x64 = Debug|x64
		Debug|x86 = Debug|x86
		Release|Any CPU = Release|Any CPU
		Release|Mixed Platforms = Release|Mixed Platforms
		Release|x64 = Release|x64
		Release|x86 = Release|x86
	EndGlobalSection
	GlobalSection(ProjectConfigurationPlatforms) = postSolution
		{D31F73ED-3978-44FA-B599-49584BA30D3A}.Debug|Any CPU.ActiveCfg = Debug|x64
		{D31F73ED-3978-44FA-B599-49584BA30D3A}.Debug|Mixed Platforms.ActiveCfg = Debug|x64
		{D31F73ED-3978-44FA-B599-49584BA30D3A}.Debug|Mixed Platforms.Build.0 = Debug|x64
		{D31F73ED-3978-44FA-B599-49584BA30D3A}.Debug|x64.ActiveCfg = Debug|x64
		{D31F73ED-3978-44FA-B599-49584BA30D3A}.Debug|x64.Build.0 = Debug|x64
		{D31F73ED-3978-44FA-B599-49584BA30D3A}.Debug|x86.ActiveCfg = Debug|x86
		{D31F73ED-3978-44FA-B599-49584BA30D3A}.Debug|x86.Build.0 = Debug|x86
		{D31F73ED-3978-44FA-B599-49584BA30D3A}.Release|Any CPU.ActiveCfg = Release|x64
		{D31F73ED-3978-44FA-B599-49584BA30D3A}.Release|Mixed Platforms.ActiveCfg = Release|x64
		{D31F73ED-3978-44FA-B599-49584BA30D3A}.Release|Mixed Platforms.Build.0 = Release|x64
		{D31F73ED-3978-44FA-B599-49584BA30D3A}.Release|x64.ActiveCfg = Release|x64
		{D31F73ED-3978-44FA-B599-49584BA30D3A}.Release|x64.Build.0 = Release|x64
		{D31F73ED-3978-44FA-B599-49584BA30D3A}.Release|x86.ActiveCfg = Release|x86
		{D31F73ED-3978-44FA-B599-49584BA30D3A}.Release|x86.Build.0 = Release|x86
		{C744E0F6-8A50-4A7C-9EEE-7BE69B5AFC59}.Debug|Any CPU.ActiveCfg = Debug|x86
		{C744E0F6-8A50-4A7C-9EEE-7BE69B5AFC59}.Debug|Mixed Platforms.ActiveCfg = Debug|x86
		{C744E0F6-8A50-4A7C-9EEE-7BE69B5AFC59}.Debug|Mixed Platforms.Build.0 = Debug|x86
		{C744E0F6-8A50-4A7C-9EEE-7BE69B5AFC59}.Debug|x64.ActiveCfg = Debug|x86
		{C744E0F6-8A50-4A7C-9EEE-7BE69B5AFC59}.Debug|x86.ActiveCfg = Debug|x86
		{C744E0F6-8A50-4A7C-9EEE-7BE69B5AFC59}.Debug|x86.Build.0 = Debug|x86
		{C744E0F6-8A50-4A7C-9EEE-7BE69B5AFC59}.Release|Any CPU.ActiveCfg = Release|x86
		{C744E0F6-8A50-4A7C-9EEE-7BE69B5AFC59}.Release|Mixed Platforms.ActiveCfg = Release|x86
		{C744E0F6-8A50-4A7C-9EEE-7BE69B5AFC59}.Release|Mixed Platforms.Build.0 = Release|x86
		{C744E0F6-8A50-4A7C-9EEE-7BE69B5AFC59}.Release|x64.ActiveCfg = Release|x86
		{C744E0F6-8A50-4A7C-9EEE-7BE69B5AFC59}.Release|x86.ActiveCfg = Release|x86
		{C744E0F6-8A50-4A7C-9EEE-7BE69B5AFC59}.Release|x86.Build.0 = Release|x86
	EndGlobalSection
	GlobalSection(SolutionProperties) = preSolution
		HideSolutionNode = FALSE
	EndGlobalSection
EndGlobal
